
Microsoft Visual Studio Solution File, Format Version 12.00
# Visual Studio Version 17
VisualStudioVersion = 17.4.33122.133
MinimumVisualStudioVersion = 10.0.40219.1
Project("{FAE04EC0-301F-11D3-BF4B-00C04F79EFBC}") = "ExpensesTracker", "ExpensesTracker\ExpensesTracker.csproj", "{7508924C-CA2D-4381-B991-DFC0E75BF516}"
EndProject
Project("{FAE04EC0-301F-11D3-BF4B-00C04F79EFBC}") = "DataManagement", "DataManagement\DataManagement.csproj", "{C9E193FD-3A34-480A-A831-9FA77F67D2EC}"
EndProject
Global
	GlobalSection(SolutionConfigurationPlatforms) = preSolution
		Debug|Any CPU = Debug|Any CPU
		Release|Any CPU = Release|Any CPU
	EndGlobalSection
	GlobalSection(ProjectConfigurationPlatforms) = postSolution
		{7508924C-CA2D-4381-B991-DFC0E75BF516}.Debug|Any CPU.ActiveCfg = Debug|Any CPU
		{7508924C-CA2D-4381-B991-DFC0E75BF516}.Debug|Any CPU.Build.0 = Debug|Any CPU
		{7508924C-CA2D-4381-B991-DFC0E75BF516}.Release|Any CPU.ActiveCfg = Release|Any CPU
		{7508924C-CA2D-4381-B991-DFC0E75BF516}.Release|Any CPU.Build.0 = Release|Any CPU
		{C9E193FD-3A34-480A-A831-9FA77F67D2EC}.Debug|Any CPU.ActiveCfg = Debug|Any CPU
		{C9E193FD-3A34-480A-A831-9FA77F67D2EC}.Debug|Any CPU.Build.0 = Debug|Any CPU
		{C9E193FD-3A34-480A-A831-9FA77F67D2EC}.Release|Any CPU.ActiveCfg = Release|Any CPU
		{C9E193FD-3A34-480A-A831-9FA77F67D2EC}.Release|Any CPU.Build.0 = Release|Any CPU
	EndGlobalSection
	GlobalSection(SolutionProperties) = preSolution
		HideSolutionNode = FALSE
	EndGlobalSection
	GlobalSection(ExtensibilityGlobals) = postSolution
		SolutionGuid = {5194CD2A-3183-4936-9055-1FA50E0855BF}
	EndGlobalSection
EndGlobal
